
Microsoft Visual Studio Solution File, Format Version 12.00
# Visual Studio 15
VisualStudioVersion = 15.0.28307.271
MinimumVisualStudioVersion = 10.0.40219.1
Project("{8BC9CEB8-8B4A-11D0-8D11-00A0C91BC942}") = "Activity8", "Activity8\Activity8.vcxproj", "{229567B4-9AD5-4E41-A025-0E32D67CDEB7}"
EndProject
Global
	GlobalSection(SolutionConfigurationPlatforms) = preSolution
		Debug|x64 = Debug|x64
		Debug|x86 = Debug|x86
		Release|x64 = Release|x64
		Release|x86 = Release|x86
	EndGlobalSection
	GlobalSection(ProjectConfigurationPlatforms) = postSolution
		{229567B4-9AD5-4E41-A025-0E32D67CDEB7}.Debug|x64.ActiveCfg = Debug|x64
		{229567B4-9AD5-4E41-A025-0E32D67CDEB7}.Debug|x64.Build.0 = Debug|x64
		{229567B4-9AD5-4E41-A025-0E32D67CDEB7}.Debug|x86.ActiveCfg = Debug|Win32
		{229567B4-9AD5-4E41-A025-0E32D67CDEB7}.Debug|x86.Build.0 = Debug|Win32
		{229567B4-9AD5-4E41-A025-0E32D67CDEB7}.Release|x64.ActiveCfg = Release|x64
		{229567B4-9AD5-4E41-A025-0E32D67CDEB7}.Release|x64.Build.0 = Release|x64
		{229567B4-9AD5-4E41-A025-0E32D67CDEB7}.Release|x86.ActiveCfg = Release|Win32
		{229567B4-9AD5-4E41-A025-0E32D67CDEB7}.Release|x86.Build.0 = Release|Win32
	EndGlobalSection
	GlobalSection(SolutionProperties) = preSolution
		HideSolutionNode = FALSE
	EndGlobalSection
	GlobalSection(ExtensibilityGlobals) = postSolution
		SolutionGuid = {48076A7B-B31D-4FBB-9F0D-B092009FE80A}
	EndGlobalSection
EndGlobal
